// !$*UTF8*$!
{
    archiveVersion = 1;
    classes = {
    };
    objectVersion = 56;
    objects = {

/* Begin PBXBuildFile section */
        AVRT001 /* AVRT_iOSApp.swift in Sources */ = {isa = PBXBuildFile; fileRef = AVRT002; };
        AVRT003 /* ContentView.swift in Sources */ = {isa = PBXBuildFile; fileRef = AVRT004; };
        AVRT005 /* VoiceInputView.swift in Sources */ = {isa = PBXBuildFile; fileRef = AVRT006; };
        AVRT007 /* ValidationResultView.swift in Sources */ = {isa = PBXBuildFile; fileRef = AVRT008; };
        AVRT009 /* DashboardView.swift in Sources */ = {isa = PBXBuildFile; fileRef = AVRT010; };
        AVRT011 /* AVRTModels.swift in Sources */ = {isa = PBXBuildFile; fileRef = AVRT012; };
        AVRT013 /* AVRTService.swift in Sources */ = {isa = PBXBuildFile; fileRef = AVRT014; };
        AVRT015 /* VoiceService.swift in Sources */ = {isa = PBXBuildFile; fileRef = AVRT016; };
        AVRT017 /* HashService.swift in Sources */ = {isa = PBXBuildFile; fileRef = AVRT018; };
        AVRT019 /* AuditLogService.swift in Sources */ = {isa = PBXBuildFile; fileRef = AVRT020; };
        AVRT021 /* Extensions.swift in Sources */ = {isa = PBXBuildFile; fileRef = AVRT022; };
/* End PBXBuildFile section */

/* Begin PBXFileReference section */
        AVRT002 /* AVRT_iOSApp.swift */ = {isa = PBXFileReference; lastKnownFileType = sourcecode.swift; path = AVRT_iOSApp.swift; sourceTree = "<group>"; };
        AVRT004 /* ContentView.swift */ = {isa = PBXFileReference; lastKnownFileType = sourcecode.swift; path = ContentView.swift; sourceTree = "<group>"; };
        AVRT006 /* VoiceInputView.swift */ = {isa = PBXFileReference; lastKnownFileType = sourcecode.swift; path = VoiceInputView.swift; sourceTree = "<group>"; };
        AVRT008 /* ValidationResultView.swift */ = {isa = PBXFileReference; lastKnownFileType = sourcecode.swift; path = ValidationResultView.swift; sourceTree = "<group>"; };
        AVRT010 /* DashboardView.swift */ = {isa = PBXFileReference; lastKnownFileType = sourcecode.swift; path = DashboardView.swift; sourceTree = "<group>"; };
        AVRT012 /* AVRTModels.swift */ = {isa = PBXFileReference; lastKnownFileType = sourcecode.swift; path = AVRTModels.swift; sourceTree = "<group>"; };
        AVRT014 /* AVRTService.swift */ = {isa = PBXFileReference; lastKnownFileType = sourcecode.swift; path = AVRTService.swift; sourceTree = "<group>"; };
        AVRT016 /* VoiceService.swift */ = {isa = PBXFileReference; lastKnownFileType = sourcecode.swift; path = VoiceService.swift; sourceTree = "<group>"; };
        AVRT018 /* HashService.swift */ = {isa = PBXFileReference; lastKnownFileType = sourcecode.swift; path = HashService.swift; sourceTree = "<group>"; };
        AVRT020 /* AuditLogService.swift */ = {isa = PBXFileReference; lastKnownFileType = sourcecode.swift; path = AuditLogService.swift; sourceTree = "<group>"; };
        AVRT022 /* Extensions.swift */ = {isa = PBXFileReference; lastKnownFileType = sourcecode.swift; path = Extensions.swift; sourceTree = "<group>"; };
        AVRT023 /* Info.plist */ = {isa = PBXFileReference; lastKnownFileType = text.plist.xml; path = Info.plist; sourceTree = "<group>"; };
        AVRT100 /* AVRT_iOS.app */ = {isa = PBXFileReference; explicitFileType = wrapper.application; includeInIndex = 0; path = AVRT_iOS.app; sourceTree = BUILT_PRODUCTS_DIR; };
/* End PBXFileReference section */

/* Begin PBXGroup section */
        AVRT200 = {
            isa = PBXGroup;
            children = (
                AVRT201 /* AVRT_iOS */,
                AVRT202 /* Products */,
            );
            sourceTree = "<group>";
        };
        AVRT201 /* AVRT_iOS */ = {
            isa = PBXGroup;
            children = (
                AVRT002 /* AVRT_iOSApp.swift */,
                AVRT023 /* Info.plist */,
                AVRT203 /* Views */,
                AVRT204 /* Models */,
                AVRT205 /* Services */,
                AVRT206 /* Extensions */,
            );
            path = AVRT_iOS;
            sourceTree = "<group>";
        };
        AVRT202 /* Products */ = {
            isa = PBXGroup;
            children = (
                AVRT100 /* AVRT_iOS.app */,
            );
            name = Products;
            sourceTree = "<group>";
        };
        AVRT203 /* Views */ = {
            isa = PBXGroup;
            children = (
                AVRT004 /* ContentView.swift */,
                AVRT006 /* VoiceInputView.swift */,
                AVRT008 /* ValidationResultView.swift */,
                AVRT010 /* DashboardView.swift */,
            );
            path = Views;
            sourceTree = "<group>";
        };
        AVRT204 /* Models */ = {
            isa = PBXGroup;
            children = (
                AVRT012 /* AVRTModels.swift */,
            );
            path = Models;
            sourceTree = "<group>";
        };
        AVRT205 /* Services */ = {
            isa = PBXGroup;
            children = (
                AVRT014 /* AVRTService.swift */,
                AVRT016 /* VoiceService.swift */,
                AVRT018 /* HashService.swift */,
                AVRT020 /* AuditLogService.swift */,
            );
            path = Services;
            sourceTree = "<group>";
        };
        AVRT206 /* Extensions */ = {
            isa = PBXGroup;
            children = (
                AVRT022 /* Extensions.swift */,
            );
            path = Extensions;
            sourceTree = "<group>";
        };
/* End PBXGroup section */

/* Begin PBXNativeTarget section */
        AVRT300 /* AVRT_iOS */ = {
            isa = PBXNativeTarget;
            buildConfigurationList = AVRT400;
            buildPhases = (
                AVRT301 /* Sources */,
                AVRT302 /* Frameworks */,
                AVRT303 /* Resources */,
            );
            buildRules = (
            );
            dependencies = (
            );
            name = AVRT_iOS;
            productName = AVRT_iOS;
            productReference = AVRT100 /* AVRT_iOS.app */;
            productType = "com.apple.product-type.application";
        };
/* End PBXNativeTarget section */

/* Begin PBXProject section */
        AVRT500 /* Project object */ = {
            isa = PBXProject;
            buildConfigurationList = AVRT501;
            compatibilityVersion = "Xcode 14.0";
            developmentRegion = en;
            hasScannedForEncodings = 0;
            knownRegions = (
                en,
                Base,
            );
            mainGroup = AVRT200;
            productRefGroup = AVRT202 /* Products */;
            projectDirPath = "";
            projectRoot = "";
            targets = (
                AVRT300 /* AVRT_iOS */,
            );
        };
/* End PBXProject section */

/* Begin PBXSourcesBuildPhase section */
        AVRT301 /* Sources */ = {
            isa = PBXSourcesBuildPhase;
            buildActionMask = 2147483647;
            files = (
                AVRT001 /* AVRT_iOSApp.swift in Sources */,
                AVRT003 /* ContentView.swift in Sources */,
                AVRT005 /* VoiceInputView.swift in Sources */,
                AVRT007 /* ValidationResultView.swift in Sources */,
                AVRT009 /* DashboardView.swift in Sources */,
                AVRT011 /* AVRTModels.swift in Sources */,
                AVRT013 /* AVRTService.swift in Sources */,
                AVRT015 /* VoiceService.swift in Sources */,
                AVRT017 /* HashService.swift in Sources */,
                AVRT019 /* AuditLogService.swift in Sources */,
                AVRT021 /* Extensions.swift in Sources */,
            );
            runOnlyForDeploymentPostprocessing = 0;
        };
/* End PBXSourcesBuildPhase section */

/* Begin PBXFrameworksBuildPhase section */
        AVRT302 /* Frameworks */ = {
            isa = PBXFrameworksBuildPhase;
            buildActionMask = 2147483647;
            files = (
            );
            runOnlyForDeploymentPostprocessing = 0;
        };
/* End PBXFrameworksBuildPhase section */

/* Begin PBXResourcesBuildPhase section */
        AVRT303 /* Resources */ = {
            isa = PBXResourcesBuildPhase;
            buildActionMask = 2147483647;
            files = (
            );
            runOnlyForDeploymentPostprocessing = 0;
        };
/* End PBXResourcesBuildPhase section */

/* Begin XCBuildConfiguration section */
        AVRT600 /* Debug */ = {
            isa = XCBuildConfiguration;
            buildSettings = {
                ALWAYS_SEARCH_USER_PATHS = NO;
                ASSETCATALOG_COMPILER_APPICON_NAME = AppIcon;
                ASSETCATALOG_COMPILER_GLOBAL_ACCENT_COLOR_NAME = AccentColor;
                CODE_SIGN_STYLE = Automatic;
                CURRENT_PROJECT_VERSION = 1;
                DEVELOPMENT_ASSET_PATHS = "";
                DEVELOPMENT_TEAM = "";
                ENABLE_PREVIEWS = YES;
                GENERATE_INFOPLIST_FILE = NO;
                INFOPLIST_FILE = AVRT_iOS/Info.plist;
                INFOPLIST_KEY_UIApplicationSceneManifest_Generation = YES;
                INFOPLIST_KEY_UIApplicationSupportsIndirectInputEvents = YES;
                INFOPLIST_KEY_UILaunchScreen_Generation = YES;
                INFOPLIST_KEY_UISupportedInterfaceOrientations_iPad = "UIInterfaceOrientationPortrait UIInterfaceOrientationPortraitUpsideDown UIInterfaceOrientationLandscapeLeft UIInterfaceOrientationLandscapeRight";
                INFOPLIST_KEY_UISupportedInterfaceOrientations_iPhone = "UIInterfaceOrientationPortrait UIInterfaceOrientationLandscapeLeft UIInterfaceOrientationLandscapeRight";
                LD_RUNPATH_SEARCH_PATHS = (
                    "$(inherited)",
                    "@executable_path/Frameworks",
                );
                MARKETING_VERSION = 1.0.0;
                PRODUCT_BUNDLE_IDENTIFIER = com.bgbhthreads.avrt.ios;
                PRODUCT_NAME = "$(TARGET_NAME)";
                SWIFT_EMIT_LOC_STRINGS = YES;
                SWIFT_VERSION = 5.0;
                TARGETED_DEVICE_FAMILY = "1,2";
            };
            name = Debug;
        };
        AVRT601 /* Release */ = {
            isa = XCBuildConfiguration;
            buildSettings = {
                ALWAYS_SEARCH_USER_PATHS = NO;
                ASSETCATALOG_COMPILER_APPICON_NAME = AppIcon;
                ASSETCATALOG_COMPILER_GLOBAL_ACCENT_COLOR_NAME = AccentColor;
                CODE_SIGN_STYLE = Automatic;
                CURRENT_PROJECT_VERSION = 1;
                DEVELOPMENT_ASSET_PATHS = "";
                DEVELOPMENT_TEAM = "";
                ENABLE_PREVIEWS = YES;
                GENERATE_INFOPLIST_FILE = NO;
                INFOPLIST_FILE = AVRT_iOS/Info.plist;
                INFOPLIST_KEY_UIApplicationSceneManifest_Generation = YES;
                INFOPLIST_KEY_UIApplicationSupportsIndirectInputEvents = YES;
                INFOPLIST_KEY_UILaunchScreen_Generation = YES;
                INFOPLIST_KEY_UISupportedInterfaceOrientations_iPad = "UIInterfaceOrientationPortrait UIInterfaceOrientationPortraitUpsideDown UIInterfaceOrientationLandscapeLeft UIInterfaceOrientationLandscapeRight";
                INFOPLIST_KEY_UISupportedInterfaceOrientations_iPhone = "UIInterfaceOrientationPortrait UIInterfaceOrientationLandscapeLeft UIInterfaceOrientationLandscapeRight";
                LD_RUNPATH_SEARCH_PATHS = (
                    "$(inherited)",
                    "@executable_path/Frameworks",
                );
                MARKETING_VERSION = 1.0.0;
                PRODUCT_BUNDLE_IDENTIFIER = com.bgbhthreads.avrt.ios;
                PRODUCT_NAME = "$(TARGET_NAME)";
                SWIFT_EMIT_LOC_STRINGS = YES;
                SWIFT_VERSION = 5.0;
                TARGETED_DEVICE_FAMILY = "1,2";
            };
            name = Release;
        };
        AVRT602 /* Debug */ = {
            isa = XCBuildConfiguration;
            buildSettings = {
                ALWAYS_SEARCH_USER_PATHS = NO;
                CLANG_ANALYZER_NONNULL = YES;
                CLANG_ANALYZER_NUMBER_OBJECT_CONVERSION = YES_AGGRESSIVE;
                CLANG_CXX_LANGUAGE_STANDARD = "gnu++20";
                CLANG_ENABLE_MODULES = YES;
                CLANG_ENABLE_OBJC_ARC = YES;
                CLANG_ENABLE_OBJC_WEAK = YES;
                CLANG_WARN_BLOCK_CAPTURE_AUTORELEASING = YES;
                CLANG_WARN_BOOL_CONVERSION = YES;
                CLANG_WARN_COMMA = YES;
                CLANG_WARN_CONSTANT_CONVERSION = YES;
                CLANG_WARN_DEPRECATED_OBJC_IMPLEMENTATIONS = YES;
                CLANG_WARN_DIRECT_OBJC_ISA_USAGE = YES_ERROR;
                CLANG_WARN_DOCUMENTATION_COMMENTS = YES;
                CLANG_WARN_EMPTY_BODY = YES;
                CLANG_WARN_ENUM_CONVERSION = YES;
                CLANG_WARN_INFINITE_RECURSION = YES;
                CLANG_WARN_INT_CONVERSION = YES;
                CLANG_WARN_NON_LITERAL_NULL_CONVERSION = YES;
                CLANG_WARN_OBJC_IMPLICIT_RETAIN_SELF = YES;
                CLANG_WARN_OBJC_LITERAL_CONVERSION = YES;
                CLANG_WARN_OBJC_ROOT_CLASS = YES_ERROR;
                CLANG_WARN_QUOTED_INCLUDE_IN_FRAMEWORK_HEADER = YES;
                CLANG_WARN_RANGE_LOOP_ANALYSIS = YES;
                CLANG_WARN_STRICT_PROTOTYPES = YES;
                CLANG_WARN_SUSPICIOUS_MOVE = YES;
                CLANG_WARN_UNGUARDED_AVAILABILITY = YES_AGGRESSIVE;
                CLANG_WARN_UNREACHABLE_CODE = YES;
                CLANG_WARN__DUPLICATE_METHOD_MATCH = YES;
                COPY_PHASE_STRIP = NO;
                DEBUG_INFORMATION_FORMAT = dwarf;
                ENABLE_STRICT_OBJC_MSGSEND = YES;
                ENABLE_TESTABILITY = YES;
                GCC_C_LANGUAGE_STANDARD = gnu11;
                GCC_DYNAMIC_NO_PIC = NO;
                GCC_NO_COMMON_BLOCKS = YES;
                GCC_OPTIMIZATION_LEVEL = 0;
                GCC_PREPROCESSOR_DEFINITIONS = (
                    "DEBUG=1",
                    "$(inherited)",
                );
                GCC_WARN_64_TO_32_BIT_CONVERSION = YES;
                GCC_WARN_ABOUT_RETURN_TYPE = YES_ERROR;
                GCC_WARN_UNDECLARED_SELECTOR = YES;
                GCC_WARN_UNINITIALIZED_AUTOS = YES_AGGRESSIVE;
                GCC_WARN_UNUSED_FUNCTION = YES;
                GCC_WARN_UNUSED_VARIABLE = YES;
                IPHONEOS_DEPLOYMENT_TARGET = 16.0;
                MTL_ENABLE_DEBUG_INFO = INCLUDE_SOURCE;
                MTL_FAST_MATH = YES;
                ONLY_ACTIVE_ARCH = YES;
                SDKROOT = iphoneos;
                SWIFT_ACTIVE_COMPILATION_CONDITIONS = DEBUG;
                SWIFT_OPTIMIZATION_LEVEL = "-Onone";
            };
            name = Debug;
        };
        AVRT603 /* Release */ = {
            isa = XCBuildConfiguration;
            buildSettings = {
                ALWAYS_SEARCH_USER_PATHS = NO;
                CLANG_ANALYZER_NONNULL = YES;
                CLANG_ANALYZER_NUMBER_OBJECT_CONVERSION = YES_AGGRESSIVE;
                CLANG_CXX_LANGUAGE_STANDARD = "gnu++20";
                CLANG_ENABLE_MODULES = YES;
                CLANG_ENABLE_OBJC_ARC = YES;
                CLANG_ENABLE_OBJC_WEAK = YES;
                CLANG_WARN_BLOCK_CAPTURE_AUTORELEASING = YES;
                CLANG_WARN_BOOL_CONVERSION = YES;
                CLANG_WARN_COMMA = YES;
                CLANG_WARN_CONSTANT_CONVERSION = YES;
                CLANG_WARN_DEPRECATED_OBJC_IMPLEMENTATIONS = YES;
                CLANG_WARN_DIRECT_OBJC_ISA_USAGE = YES_ERROR;
                CLANG_WARN_DOCUMENTATION_COMMENTS = YES;
                CLANG_WARN_EMPTY_BODY = YES;
                CLANG_WARN_ENUM_CONVERSION = YES;
                CLANG_WARN_INFINITE_RECURSION = YES;
                CLANG_WARN_INT_CONVERSION = YES;
                CLANG_WARN_NON_LITERAL_NULL_CONVERSION = YES;
                CLANG_WARN_OBJC_IMPLICIT_RETAIN_SELF = YES;
                CLANG_WARN_OBJC_LITERAL_CONVERSION = YES;
                CLANG_WARN_OBJC_ROOT_CLASS = YES_ERROR;
                CLANG_WARN_QUOTED_INCLUDE_IN_FRAMEWORK_HEADER = YES;
                CLANG_WARN_RANGE_LOOP_ANALYSIS = YES;
                CLANG_WARN_STRICT_PROTOTYPES = YES;
                CLANG_WARN_SUSPICIOUS_MOVE = YES;
                CLANG_WARN_UNGUARDED_AVAILABILITY = YES_AGGRESSIVE;
                CLANG_WARN_UNREACHABLE_CODE = YES;
                CLANG_WARN__DUPLICATE_METHOD_MATCH = YES;
                COPY_PHASE_STRIP = NO;
                DEBUG_INFORMATION_FORMAT = "dwarf-with-dsym";
                ENABLE_NS_ASSERTIONS = NO;
                ENABLE_STRICT_OBJC_MSGSEND = YES;
                GCC_C_LANGUAGE_STANDARD = gnu11;
                GCC_NO_COMMON_BLOCKS = YES;
                GCC_WARN_64_TO_32_BIT_CONVERSION = YES;
                GCC_WARN_ABOUT_RETURN_TYPE = YES_ERROR;
                GCC_WARN_UNDECLARED_SELECTOR = YES;
                GCC_WARN_UNINITIALIZED_AUTOS = YES_AGGRESSIVE;
                GCC_WARN_UNUSED_FUNCTION = YES;
                GCC_WARN_UNUSED_VARIABLE = YES;
                IPHONEOS_DEPLOYMENT_TARGET = 16.0;
                MTL_ENABLE_DEBUG_INFO = NO;
                MTL_FAST_MATH = YES;
                SDKROOT = iphoneos;
                SWIFT_COMPILATION_MODE = wholemodule;
                SWIFT_OPTIMIZATION_LEVEL = "-O";
                VALIDATE_PRODUCT = YES;
            };
            name = Release;
        };
/* End XCBuildConfiguration section */

/* Begin XCConfigurationList section */
        AVRT400 /* Build configuration list for PBXNativeTarget "AVRT_iOS" */ = {
            isa = XCConfigurationList;
            buildConfigurations = (
                AVRT600 /* Debug */,
                AVRT601 /* Release */,
            );
            defaultConfigurationIsVisible = 0;
            defaultConfigurationName = Release;
        };
        AVRT501 /* Build configuration list for PBXProject "AVRT_iOS" */ = {
            isa = XCConfigurationList;
            buildConfigurations = (
                AVRT602 /* Debug */,
                AVRT603 /* Release */,
            );
            defaultConfigurationIsVisible = 0;
            defaultConfigurationName = Release;
        };
/* End XCConfigurationList section */

    };
    rootObject = AVRT500 /* Project object */;
}
